// !$*UTF8*$!
{
	archiveVersion = 1;
	classes = {
	};
	objectVersion = 56;
	objects = {

/* Begin PBXBuildFile section */
		61B8F5DC2B979EDE00750C7E /* main.swift in Sources */ = {isa = PBXBuildFile; fileRef = 61B8F5DB2B979EDE00750C7E /* main.swift */; };
		61B8F5E92B979F3100750C7E /* Tests.swift in Sources */ = {isa = PBXBuildFile; fileRef = 61B8F5E82B979F3100750C7E /* Tests.swift */; };
		61B8F5EE2B979F7700750C7E /* .gitignore in Resources */ = {isa = PBXBuildFile; fileRef = 61B8F5ED2B979F7700750C7E /* .gitignore */; };
		61B8F5F02B979FBE00750C7E /* LICENSE in Resources */ = {isa = PBXBuildFile; fileRef = 61B8F5EF2B979FBE00750C7E /* LICENSE */; };
		61B8F5F52B97BF0100750C7E /* LRUCache.swift in Sources */ = {isa = PBXBuildFile; fileRef = 61B8F5F42B97BF0100750C7E /* LRUCache.swift */; };
		61B8F5F62B97BF0100750C7E /* LRUCache.swift in Sources */ = {isa = PBXBuildFile; fileRef = 61B8F5F42B97BF0100750C7E /* LRUCache.swift */; };
		61B8F5F92B97BFE900750C7E /* SinglyLinkedList.swift in Sources */ = {isa = PBXBuildFile; fileRef = 61B8F5F82B97BFE900750C7E /* SinglyLinkedList.swift */; };
		61B8F5FA2B97BFE900750C7E /* SinglyLinkedList.swift in Sources */ = {isa = PBXBuildFile; fileRef = 61B8F5F82B97BFE900750C7E /* SinglyLinkedList.swift */; };
		61B8F5FD2B97C41200750C7E /* SinglyLinkedListTests.swift in Sources */ = {isa = PBXBuildFile; fileRef = 61B8F5FC2B97C41200750C7E /* SinglyLinkedListTests.swift */; };
		61B8F5FE2B97C41200750C7E /* SinglyLinkedListTests.swift in Sources */ = {isa = PBXBuildFile; fileRef = 61B8F5FC2B97C41200750C7E /* SinglyLinkedListTests.swift */; };
		61FB4ADD2B9910E600B47301 /* HashMap.swift in Sources */ = {isa = PBXBuildFile; fileRef = 61FB4ADC2B9910E600B47301 /* HashMap.swift */; };
/* End PBXBuildFile section */

/* Begin PBXCopyFilesBuildPhase section */
		61B8F5D62B979EDE00750C7E /* CopyFiles */ = {
			isa = PBXCopyFilesBuildPhase;
			buildActionMask = 2147483647;
			dstPath = /usr/share/man/man1/;
			dstSubfolderSpec = 0;
			files = (
			);
			runOnlyForDeploymentPostprocessing = 1;
		};
/* End PBXCopyFilesBuildPhase section */

/* Begin PBXFileReference section */
		61B8F5D82B979EDE00750C7E /* DataStructuresExercises */ = {isa = PBXFileReference; explicitFileType = "compiled.mach-o.executable"; includeInIndex = 0; path = DataStructuresExercises; sourceTree = BUILT_PRODUCTS_DIR; };
		61B8F5DB2B979EDE00750C7E /* main.swift */ = {isa = PBXFileReference; lastKnownFileType = sourcecode.swift; path = main.swift; sourceTree = "<group>"; };
		61B8F5E62B979F3100750C7E /* Tests.xctest */ = {isa = PBXFileReference; explicitFileType = wrapper.cfbundle; includeInIndex = 0; path = Tests.xctest; sourceTree = BUILT_PRODUCTS_DIR; };
		61B8F5E82B979F3100750C7E /* Tests.swift */ = {isa = PBXFileReference; lastKnownFileType = sourcecode.swift; path = Tests.swift; sourceTree = "<group>"; };
		61B8F5ED2B979F7700750C7E /* .gitignore */ = {isa = PBXFileReference; lastKnownFileType = text; path = .gitignore; sourceTree = "<group>"; };
		61B8F5EF2B979FBE00750C7E /* LICENSE */ = {isa = PBXFileReference; lastKnownFileType = text; path = LICENSE; sourceTree = "<group>"; };
		61B8F5F12B979FDF00750C7E /* README.md */ = {isa = PBXFileReference; lastKnownFileType = net.daringfireball.markdown; path = README.md; sourceTree = "<group>"; };
		61B8F5F22B97BB2900750C7E /* CONTRIBUTING.md */ = {isa = PBXFileReference; lastKnownFileType = net.daringfireball.markdown; path = CONTRIBUTING.md; sourceTree = "<group>"; };
		61B8F5F42B97BF0100750C7E /* LRUCache.swift */ = {isa = PBXFileReference; lastKnownFileType = sourcecode.swift; path = LRUCache.swift; sourceTree = "<group>"; };
		61B8F5F82B97BFE900750C7E /* SinglyLinkedList.swift */ = {isa = PBXFileReference; lastKnownFileType = sourcecode.swift; path = SinglyLinkedList.swift; sourceTree = "<group>"; };
		61B8F5FC2B97C41200750C7E /* SinglyLinkedListTests.swift */ = {isa = PBXFileReference; lastKnownFileType = sourcecode.swift; path = SinglyLinkedListTests.swift; sourceTree = "<group>"; };
		61FB4ADC2B9910E600B47301 /* HashMap.swift */ = {isa = PBXFileReference; lastKnownFileType = sourcecode.swift; path = HashMap.swift; sourceTree = "<group>"; };
/* End PBXFileReference section */

/* Begin PBXFrameworksBuildPhase section */
		61B8F5D52B979EDE00750C7E /* Frameworks */ = {
			isa = PBXFrameworksBuildPhase;
			buildActionMask = 2147483647;
			files = (
			);
			runOnlyForDeploymentPostprocessing = 0;
		};
		61B8F5E32B979F3100750C7E /* Frameworks */ = {
			isa = PBXFrameworksBuildPhase;
			buildActionMask = 2147483647;
			files = (
			);
			runOnlyForDeploymentPostprocessing = 0;
		};
/* End PBXFrameworksBuildPhase section */

/* Begin PBXGroup section */
		61B8F5CF2B979EDE00750C7E = {
			isa = PBXGroup;
			children = (
				61B8F5F22B97BB2900750C7E /* CONTRIBUTING.md */,
				61B8F5F12B979FDF00750C7E /* README.md */,
				61B8F5EF2B979FBE00750C7E /* LICENSE */,
				61B8F5ED2B979F7700750C7E /* .gitignore */,
				61B8F5DA2B979EDE00750C7E /* DataStructuresExercises */,
				61B8F5E72B979F3100750C7E /* Tests */,
				61B8F5D92B979EDE00750C7E /* Products */,
			);
			sourceTree = "<group>";
		};
		61B8F5D92B979EDE00750C7E /* Products */ = {
			isa = PBXGroup;
			children = (
				61B8F5D82B979EDE00750C7E /* DataStructuresExercises */,
				61B8F5E62B979F3100750C7E /* Tests.xctest */,
			);
			name = Products;
			sourceTree = "<group>";
		};
		61B8F5DA2B979EDE00750C7E /* DataStructuresExercises */ = {
			isa = PBXGroup;
			children = (
				61FB4ADB2B9910D400B47301 /* Maps */,
				61B8F5F72B97BFA900750C7E /* Lists */,
				61B8F5F32B97BEE400750C7E /* Caches */,
				61B8F5DB2B979EDE00750C7E /* main.swift */,
			);
			path = DataStructuresExercises;
			sourceTree = "<group>";
		};
		61B8F5E72B979F3100750C7E /* Tests */ = {
			isa = PBXGroup;
			children = (
				61B8F5FB2B97C3AF00750C7E /* ListTests */,
				61B8F5E82B979F3100750C7E /* Tests.swift */,
			);
			path = Tests;
			sourceTree = "<group>";
		};
		61B8F5F32B97BEE400750C7E /* Caches */ = {
			isa = PBXGroup;
			children = (
				61B8F5F42B97BF0100750C7E /* LRUCache.swift */,
			);
			path = Caches;
			sourceTree = "<group>";
		};
		61B8F5F72B97BFA900750C7E /* Lists */ = {
			isa = PBXGroup;
			children = (
				61B8F5F82B97BFE900750C7E /* SinglyLinkedList.swift */,
			);
			path = Lists;
			sourceTree = "<group>";
		};
		61B8F5FB2B97C3AF00750C7E /* ListTests */ = {
			isa = PBXGroup;
			children = (
				61B8F5FC2B97C41200750C7E /* SinglyLinkedListTests.swift */,
			);
			path = ListTests;
			sourceTree = "<group>";
		};
		61FB4ADB2B9910D400B47301 /* Maps */ = {
			isa = PBXGroup;
			children = (
				61FB4ADC2B9910E600B47301 /* HashMap.swift */,
			);
			path = Maps;
			sourceTree = "<group>";
		};
/* End PBXGroup section */

/* Begin PBXNativeTarget section */
		61B8F5D72B979EDE00750C7E /* DataStructuresExercises */ = {
			isa = PBXNativeTarget;
			buildConfigurationList = 61B8F5DF2B979EDE00750C7E /* Build configuration list for PBXNativeTarget "DataStructuresExercises" */;
			buildPhases = (
				61B8F5D42B979EDE00750C7E /* Sources */,
				61B8F5D52B979EDE00750C7E /* Frameworks */,
				61B8F5D62B979EDE00750C7E /* CopyFiles */,
			);
			buildRules = (
			);
			dependencies = (
			);
			name = DataStructuresExercises;
			productName = DataStructuresExercises;
			productReference = 61B8F5D82B979EDE00750C7E /* DataStructuresExercises */;
			productType = "com.apple.product-type.tool";
		};
		61B8F5E52B979F3100750C7E /* Tests */ = {
			isa = PBXNativeTarget;
			buildConfigurationList = 61B8F5EA2B979F3100750C7E /* Build configuration list for PBXNativeTarget "Tests" */;
			buildPhases = (
				61B8F5E22B979F3100750C7E /* Sources */,
				61B8F5E32B979F3100750C7E /* Frameworks */,
				61B8F5E42B979F3100750C7E /* Resources */,
			);
			buildRules = (
			);
			dependencies = (
			);
			name = Tests;
			productName = Tests;
			productReference = 61B8F5E62B979F3100750C7E /* Tests.xctest */;
			productType = "com.apple.product-type.bundle.unit-test";
		};
/* End PBXNativeTarget section */

/* Begin PBXProject section */
		61B8F5D02B979EDE00750C7E /* Project object */ = {
			isa = PBXProject;
			attributes = {
				BuildIndependentTargetsInParallel = 1;
				LastSwiftUpdateCheck = 1520;
				LastUpgradeCheck = 1520;
				TargetAttributes = {
					61B8F5D72B979EDE00750C7E = {
						CreatedOnToolsVersion = 15.2;
					};
					61B8F5E52B979F3100750C7E = {
						CreatedOnToolsVersion = 15.2;
					};
				};
			};
			buildConfigurationList = 61B8F5D32B979EDE00750C7E /* Build configuration list for PBXProject "DataStructuresExercises" */;
			compatibilityVersion = "Xcode 14.0";
			developmentRegion = en;
			hasScannedForEncodings = 0;
			knownRegions = (
				en,
				Base,
			);
			mainGroup = 61B8F5CF2B979EDE00750C7E;
			productRefGroup = 61B8F5D92B979EDE00750C7E /* Products */;
			projectDirPath = "";
			projectRoot = "";
			targets = (
				61B8F5D72B979EDE00750C7E /* DataStructuresExercises */,
				61B8F5E52B979F3100750C7E /* Tests */,
			);
		};
/* End PBXProject section */

/* Begin PBXResourcesBuildPhase section */
		61B8F5E42B979F3100750C7E /* Resources */ = {
			isa = PBXResourcesBuildPhase;
			buildActionMask = 2147483647;
			files = (
				61B8F5F02B979FBE00750C7E /* LICENSE in Resources */,
				61B8F5EE2B979F7700750C7E /* .gitignore in Resources */,
			);
			runOnlyForDeploymentPostprocessing = 0;
		};
/* End PBXResourcesBuildPhase section */

/* Begin PBXSourcesBuildPhase section */
		61B8F5D42B979EDE00750C7E /* Sources */ = {
			isa = PBXSourcesBuildPhase;
			buildActionMask = 2147483647;
			files = (
				61B8F5F92B97BFE900750C7E /* SinglyLinkedList.swift in Sources */,
				61B8F5F52B97BF0100750C7E /* LRUCache.swift in Sources */,
				61B8F5DC2B979EDE00750C7E /* main.swift in Sources */,
				61B8F5FD2B97C41200750C7E /* SinglyLinkedListTests.swift in Sources */,
				61FB4ADD2B9910E600B47301 /* HashMap.swift in Sources */,
			);
			runOnlyForDeploymentPostprocessing = 0;
		};
		61B8F5E22B979F3100750C7E /* Sources */ = {
			isa = PBXSourcesBuildPhase;
			buildActionMask = 2147483647;
			files = (
				61B8F5FA2B97BFE900750C7E /* SinglyLinkedList.swift in Sources */,
				61B8F5F62B97BF0100750C7E /* LRUCache.swift in Sources */,
				61B8F5E92B979F3100750C7E /* Tests.swift in Sources */,
				61B8F5FE2B97C41200750C7E /* SinglyLinkedListTests.swift in Sources */,
			);
			runOnlyForDeploymentPostprocessing = 0;
		};
/* End PBXSourcesBuildPhase section */

/* Begin XCBuildConfiguration section */
		61B8F5DD2B979EDE00750C7E /* Debug */ = {
			isa = XCBuildConfiguration;
			buildSettings = {
				ALWAYS_SEARCH_USER_PATHS = NO;
				ASSETCATALOG_COMPILER_GENERATE_SWIFT_ASSET_SYMBOL_EXTENSIONS = YES;
				CLANG_ANALYZER_NONNULL = YES;
				CLANG_ANALYZER_NUMBER_OBJECT_CONVERSION = YES_AGGRESSIVE;
				CLANG_CXX_LANGUAGE_STANDARD = "gnu++20";
				CLANG_ENABLE_MODULES = YES;
				CLANG_ENABLE_OBJC_ARC = YES;
				CLANG_ENABLE_OBJC_WEAK = YES;
				CLANG_WARN_BLOCK_CAPTURE_AUTORELEASING = YES;
				CLANG_WARN_BOOL_CONVERSION = YES;
				CLANG_WARN_COMMA = YES;
				CLANG_WARN_CONSTANT_CONVERSION = YES;
				CLANG_WARN_DEPRECATED_OBJC_IMPLEMENTATIONS = YES;
				CLANG_WARN_DIRECT_OBJC_ISA_USAGE = YES_ERROR;
				CLANG_WARN_DOCUMENTATION_COMMENTS = YES;
				CLANG_WARN_EMPTY_BODY = YES;
				CLANG_WARN_ENUM_CONVERSION = YES;
				CLANG_WARN_INFINITE_RECURSION = YES;
				CLANG_WARN_INT_CONVERSION = YES;
				CLANG_WARN_NON_LITERAL_NULL_CONVERSION = YES;
				CLANG_WARN_OBJC_IMPLICIT_RETAIN_SELF = YES;
				CLANG_WARN_OBJC_LITERAL_CONVERSION = YES;
				CLANG_WARN_OBJC_ROOT_CLASS = YES_ERROR;
				CLANG_WARN_QUOTED_INCLUDE_IN_FRAMEWORK_HEADER = YES;
				CLANG_WARN_RANGE_LOOP_ANALYSIS = YES;
				CLANG_WARN_STRICT_PROTOTYPES = YES;
				CLANG_WARN_SUSPICIOUS_MOVE = YES;
				CLANG_WARN_UNGUARDED_AVAILABILITY = YES_AGGRESSIVE;
				CLANG_WARN_UNREACHABLE_CODE = YES;
				CLANG_WARN__DUPLICATE_METHOD_MATCH = YES;
				COPY_PHASE_STRIP = NO;
				DEBUG_INFORMATION_FORMAT = dwarf;
				ENABLE_STRICT_OBJC_MSGSEND = YES;
				ENABLE_TESTABILITY = YES;
				ENABLE_USER_SCRIPT_SANDBOXING = YES;
				GCC_C_LANGUAGE_STANDARD = gnu17;
				GCC_DYNAMIC_NO_PIC = NO;
				GCC_NO_COMMON_BLOCKS = YES;
				GCC_OPTIMIZATION_LEVEL = 0;
				GCC_PREPROCESSOR_DEFINITIONS = (
					"DEBUG=1",
					"$(inherited)",
				);
				GCC_WARN_64_TO_32_BIT_CONVERSION = YES;
				GCC_WARN_ABOUT_RETURN_TYPE = YES_ERROR;
				GCC_WARN_UNDECLARED_SELECTOR = YES;
				GCC_WARN_UNINITIALIZED_AUTOS = YES_AGGRESSIVE;
				GCC_WARN_UNUSED_FUNCTION = YES;
				GCC_WARN_UNUSED_VARIABLE = YES;
				LOCALIZATION_PREFERS_STRING_CATALOGS = YES;
				MACOSX_DEPLOYMENT_TARGET = 14.2;
				MTL_ENABLE_DEBUG_INFO = INCLUDE_SOURCE;
				MTL_FAST_MATH = YES;
				ONLY_ACTIVE_ARCH = YES;
				SDKROOT = macosx;
				SWIFT_ACTIVE_COMPILATION_CONDITIONS = "DEBUG $(inherited)";
				SWIFT_OPTIMIZATION_LEVEL = "-Onone";
			};
			name = Debug;
		};
		61B8F5DE2B979EDE00750C7E /* Release */ = {
			isa = XCBuildConfiguration;
			buildSettings = {
				ALWAYS_SEARCH_USER_PATHS = NO;
				ASSETCATALOG_COMPILER_GENERATE_SWIFT_ASSET_SYMBOL_EXTENSIONS = YES;
				CLANG_ANALYZER_NONNULL = YES;
				CLANG_ANALYZER_NUMBER_OBJECT_CONVERSION = YES_AGGRESSIVE;
				CLANG_CXX_LANGUAGE_STANDARD = "gnu++20";
				CLANG_ENABLE_MODULES = YES;
				CLANG_ENABLE_OBJC_ARC = YES;
				CLANG_ENABLE_OBJC_WEAK = YES;
				CLANG_WARN_BLOCK_CAPTURE_AUTORELEASING = YES;
				CLANG_WARN_BOOL_CONVERSION = YES;
				CLANG_WARN_COMMA = YES;
				CLANG_WARN_CONSTANT_CONVERSION = YES;
				CLANG_WARN_DEPRECATED_OBJC_IMPLEMENTATIONS = YES;
				CLANG_WARN_DIRECT_OBJC_ISA_USAGE = YES_ERROR;
				CLANG_WARN_DOCUMENTATION_COMMENTS = YES;
				CLANG_WARN_EMPTY_BODY = YES;
				CLANG_WARN_ENUM_CONVERSION = YES;
				CLANG_WARN_INFINITE_RECURSION = YES;
				CLANG_WARN_INT_CONVERSION = YES;
				CLANG_WARN_NON_LITERAL_NULL_CONVERSION = YES;
				CLANG_WARN_OBJC_IMPLICIT_RETAIN_SELF = YES;
				CLANG_WARN_OBJC_LITERAL_CONVERSION = YES;
				CLANG_WARN_OBJC_ROOT_CLASS = YES_ERROR;
				CLANG_WARN_QUOTED_INCLUDE_IN_FRAMEWORK_HEADER = YES;
				CLANG_WARN_RANGE_LOOP_ANALYSIS = YES;
				CLANG_WARN_STRICT_PROTOTYPES = YES;
				CLANG_WARN_SUSPICIOUS_MOVE = YES;
				CLANG_WARN_UNGUARDED_AVAILABILITY = YES_AGGRESSIVE;
				CLANG_WARN_UNREACHABLE_CODE = YES;
				CLANG_WARN__DUPLICATE_METHOD_MATCH = YES;
				COPY_PHASE_STRIP = NO;
				DEBUG_INFORMATION_FORMAT = "dwarf-with-dsym";
				ENABLE_NS_ASSERTIONS = NO;
				ENABLE_STRICT_OBJC_MSGSEND = YES;
				ENABLE_USER_SCRIPT_SANDBOXING = YES;
				GCC_C_LANGUAGE_STANDARD = gnu17;
				GCC_NO_COMMON_BLOCKS = YES;
				GCC_WARN_64_TO_32_BIT_CONVERSION = YES;
				GCC_WARN_ABOUT_RETURN_TYPE = YES_ERROR;
				GCC_WARN_UNDECLARED_SELECTOR = YES;
				GCC_WARN_UNINITIALIZED_AUTOS = YES_AGGRESSIVE;
				GCC_WARN_UNUSED_FUNCTION = YES;
				GCC_WARN_UNUSED_VARIABLE = YES;
				LOCALIZATION_PREFERS_STRING_CATALOGS = YES;
				MACOSX_DEPLOYMENT_TARGET = 14.2;
				MTL_ENABLE_DEBUG_INFO = NO;
				MTL_FAST_MATH = YES;
				SDKROOT = macosx;
				SWIFT_COMPILATION_MODE = wholemodule;
			};
			name = Release;
		};
		61B8F5E02B979EDE00750C7E /* Debug */ = {
			isa = XCBuildConfiguration;
			buildSettings = {
				CODE_SIGN_STYLE = Automatic;
				PRODUCT_NAME = "$(TARGET_NAME)";
				SWIFT_VERSION = 5.0;
			};
			name = Debug;
		};
		61B8F5E12B979EDE00750C7E /* Release */ = {
			isa = XCBuildConfiguration;
			buildSettings = {
				CODE_SIGN_STYLE = Automatic;
				PRODUCT_NAME = "$(TARGET_NAME)";
				SWIFT_VERSION = 5.0;
			};
			name = Release;
		};
		61B8F5EB2B979F3100750C7E /* Debug */ = {
			isa = XCBuildConfiguration;
			buildSettings = {
				CODE_SIGN_STYLE = Automatic;
				CURRENT_PROJECT_VERSION = 1;
				GENERATE_INFOPLIST_FILE = YES;
				MARKETING_VERSION = 1.0;
				PRODUCT_BUNDLE_IDENTIFIER = org.example.collections.Tests;
				PRODUCT_NAME = "$(TARGET_NAME)";
				SWIFT_EMIT_LOC_STRINGS = NO;
				SWIFT_VERSION = 5.0;
			};
			name = Debug;
		};
		61B8F5EC2B979F3100750C7E /* Release */ = {
			isa = XCBuildConfiguration;
			buildSettings = {
				CODE_SIGN_STYLE = Automatic;
				CURRENT_PROJECT_VERSION = 1;
				GENERATE_INFOPLIST_FILE = YES;
				MARKETING_VERSION = 1.0;
				PRODUCT_BUNDLE_IDENTIFIER = org.example.collections.Tests;
				PRODUCT_NAME = "$(TARGET_NAME)";
				SWIFT_EMIT_LOC_STRINGS = NO;
				SWIFT_VERSION = 5.0;
			};
			name = Release;
		};
/* End XCBuildConfiguration section */

/* Begin XCConfigurationList section */
		61B8F5D32B979EDE00750C7E /* Build configuration list for PBXProject "DataStructuresExercises" */ = {
			isa = XCConfigurationList;
			buildConfigurations = (
				61B8F5DD2B979EDE00750C7E /* Debug */,
				61B8F5DE2B979EDE00750C7E /* Release */,
			);
			defaultConfigurationIsVisible = 0;
			defaultConfigurationName = Release;
		};
		61B8F5DF2B979EDE00750C7E /* Build configuration list for PBXNativeTarget "DataStructuresExercises" */ = {
			isa = XCConfigurationList;
			buildConfigurations = (
				61B8F5E02B979EDE00750C7E /* Debug */,
				61B8F5E12B979EDE00750C7E /* Release */,
			);
			defaultConfigurationIsVisible = 0;
			defaultConfigurationName = Release;
		};
		61B8F5EA2B979F3100750C7E /* Build configuration list for PBXNativeTarget "Tests" */ = {
			isa = XCConfigurationList;
			buildConfigurations = (
				61B8F5EB2B979F3100750C7E /* Debug */,
				61B8F5EC2B979F3100750C7E /* Release */,
			);
			defaultConfigurationIsVisible = 0;
			defaultConfigurationName = Release;
		};
/* End XCConfigurationList section */
	};
	rootObject = 61B8F5D02B979EDE00750C7E /* Project object */;
}
